
Microsoft Visual Studio Solution File, Format Version 12.00
# Visual Studio Version 17
VisualStudioVersion = 17.6.33712.159
MinimumVisualStudioVersion = 10.0.40219.1
Project("{FAE04EC0-301F-11D3-BF4B-00C04F79EFBC}") = "report2", "report2\report2.csproj", "{063925C4-B8BC-4470-AEEE-775662ADF786}"
EndProject
Global
	GlobalSection(SolutionConfigurationPlatforms) = preSolution
		Debug|x86 = Debug|x86
		Release|x86 = Release|x86
	EndGlobalSection
	GlobalSection(ProjectConfigurationPlatforms) = postSolution
		{063925C4-B8BC-4470-AEEE-775662ADF786}.Debug|x86.ActiveCfg = Debug|x86
		{063925C4-B8BC-4470-AEEE-775662ADF786}.Debug|x86.Build.0 = Debug|x86
		{063925C4-B8BC-4470-AEEE-775662ADF786}.Release|x86.ActiveCfg = Release|x86
		{063925C4-B8BC-4470-AEEE-775662ADF786}.Release|x86.Build.0 = Release|x86
	EndGlobalSection
	GlobalSection(SolutionProperties) = preSolution
		HideSolutionNode = FALSE
	EndGlobalSection
	GlobalSection(ExtensibilityGlobals) = postSolution
		SolutionGuid = {AC189793-5D0E-4D76-A98B-D817B41C2369}
	EndGlobalSection
EndGlobal
